
Microsoft Visual Studio Solution File, Format Version 12.00
# Visual Studio Version 16
VisualStudioVersion = 16.0.30128.74
MinimumVisualStudioVersion = 10.0.40219.1
Project("{FAE04EC0-301F-11D3-BF4B-00C04F79EFBC}") = "Counter", "Counter.csproj", "{AAB03A8A-04A2-4CC2-B8AA-10C53EC88BA3}"
EndProject
Global
	GlobalSection(SolutionConfigurationPlatforms) = preSolution
		Debug|Any CPU = Debug|Any CPU
		Release|Any CPU = Release|Any CPU
	EndGlobalSection
	GlobalSection(ProjectConfigurationPlatforms) = postSolution
		{AAB03A8A-04A2-4CC2-B8AA-10C53EC88BA3}.Debug|Any CPU.ActiveCfg = Debug|Any CPU
		{AAB03A8A-04A2-4CC2-B8AA-10C53EC88BA3}.Debug|Any CPU.Build.0 = Debug|Any CPU
		{AAB03A8A-04A2-4CC2-B8AA-10C53EC88BA3}.Release|Any CPU.ActiveCfg = Release|Any CPU
		{AAB03A8A-04A2-4CC2-B8AA-10C53EC88BA3}.Release|Any CPU.Build.0 = Release|Any CPU
	EndGlobalSection
	GlobalSection(SolutionProperties) = preSolution
		HideSolutionNode = FALSE
	EndGlobalSection
	GlobalSection(ExtensibilityGlobals) = postSolution
		SolutionGuid = {EE2E2171-808E-44C3-A716-74FC9089E19D}
	EndGlobalSection
EndGlobal
